
Microsoft Visual Studio Solution File, Format Version 12.00
# Visual Studio 15
VisualStudioVersion = 15.0.27428.2037
MinimumVisualStudioVersion = 10.0.40219.1
Project("{FAE04EC0-301F-11D3-BF4B-00C04F79EFBC}") = "CatFactory.TypeScript", "CatFactory.TypeScript\CatFactory.TypeScript.csproj", "{6CB17447-2A48-495E-A125-152C63D812A8}"
EndProject
Project("{FAE04EC0-301F-11D3-BF4B-00C04F79EFBC}") = "CatFactory.TypeScript.Tests", "CatFactory.TypeScript.Tests\CatFactory.TypeScript.Tests.csproj", "{8028C5AD-6B99-455B-80F2-F1195EE82736}"
EndProject
Global
	GlobalSection(SolutionConfigurationPlatforms) = preSolution
		Debug|Any CPU = Debug|Any CPU
		Release|Any CPU = Release|Any CPU
	EndGlobalSection
	GlobalSection(ProjectConfigurationPlatforms) = postSolution
		{6CB17447-2A48-495E-A125-152C63D812A8}.Debug|Any CPU.ActiveCfg = Debug|Any CPU
		{6CB17447-2A48-495E-A125-152C63D812A8}.Debug|Any CPU.Build.0 = Debug|Any CPU
		{6CB17447-2A48-495E-A125-152C63D812A8}.Release|Any CPU.ActiveCfg = Release|Any CPU
		{6CB17447-2A48-495E-A125-152C63D812A8}.Release|Any CPU.Build.0 = Release|Any CPU
		{8028C5AD-6B99-455B-80F2-F1195EE82736}.Debug|Any CPU.ActiveCfg = Debug|Any CPU
		{8028C5AD-6B99-455B-80F2-F1195EE82736}.Debug|Any CPU.Build.0 = Debug|Any CPU
		{8028C5AD-6B99-455B-80F2-F1195EE82736}.Release|Any CPU.ActiveCfg = Release|Any CPU
		{8028C5AD-6B99-455B-80F2-F1195EE82736}.Release|Any CPU.Build.0 = Release|Any CPU
	EndGlobalSection
	GlobalSection(SolutionProperties) = preSolution
		HideSolutionNode = FALSE
	EndGlobalSection
	GlobalSection(ExtensibilityGlobals) = postSolution
		SolutionGuid = {B91EA234-2C44-4890-9945-78033842FCB7}
	EndGlobalSection
EndGlobal
